{
    "_readme": [
        "This file locks the dependencies of your project to a known state",
        "Read more about it at https://getcomposer.org/doc/01-basic-usage.md#installing-dependencies",
        "This file is @generated automatically"
    ],
    "content-hash": "dde0375b494f031d1db95f15d96c09e4",
    "packages": [
        {
            "name": "brightalley/lti",
            "version": "dev-master",
            "source": {
                "type": "git",
                "url": "https://github.com/brightalley/LTI-Tool-Provider-Library-PHP.git",
                "reference": "fa203e123ca82cc10c4ebd5fe168697b2890359f"
            },
            "dist": {
                "type": "zip",
                "url": "https://api.github.com/repos/brightalley/LTI-Tool-Provider-Library-PHP/zipball/fa203e123ca82cc10c4ebd5fe168697b2890359f",
                "reference": "fa203e123ca82cc10c4ebd5fe168697b2890359f",
                "shasum": ""
            },
            "require": {
                "php": ">=5.6.0"
            },
            "default-branch": true,
            "type": "library",
            "autoload": {
                "psr-4": {
                    "IMSGlobal\\LTI\\": "src/"
                }
            },
            "license": [
                "Apache-2.0"
            ],
            "authors": [
                {
                    "name": "Stephen Vickers",
                    "email": "svickers@imsglobal.org"
                }
            ],
            "description": "LTI Tool Provider Library",
            "homepage": "https://www.imsglobal.org/lti",
            "keywords": [
                "lti"
            ],
            "support": {
                "source": "https://github.com/brightalley/LTI-Tool-Provider-Library-PHP/tree/master"
            },
            "time": "2023-01-16T12:56:56+00:00"
        }
    ],
    "packages-dev": [],
    "aliases": [],
    "minimum-stability": "stable",
    "stability-flags": {
        "brightalley/lti": 20
    },
    "prefer-stable": false,
    "prefer-lowest": false,
    "platform": {
        "php": "^5.6|^7.2|^8.1"
    },
    "platform-dev": [],
    "plugin-api-version": "2.2.0"
}
